
Microsoft Visual Studio Solution File, Format Version 12.00
# Visual Studio Version 17
VisualStudioVersion = 17.2.32526.322
MinimumVisualStudioVersion = 10.0.40219.1
Project("{FAE04EC0-301F-11D3-BF4B-00C04F79EFBC}") = "AddInterfaces", "AddInterfaces\AddInterfaces.csproj", "{2A03D7D9-C8EC-4384-A2AA-BAA7767246EE}"
EndProject
Global
	GlobalSection(SolutionConfigurationPlatforms) = preSolution
		Debug|Any CPU = Debug|Any CPU
		Release|Any CPU = Release|Any CPU
	EndGlobalSection
	GlobalSection(ProjectConfigurationPlatforms) = postSolution
		{2A03D7D9-C8EC-4384-A2AA-BAA7767246EE}.Debug|Any CPU.ActiveCfg = Debug|Any CPU
		{2A03D7D9-C8EC-4384-A2AA-BAA7767246EE}.Debug|Any CPU.Build.0 = Debug|Any CPU
		{2A03D7D9-C8EC-4384-A2AA-BAA7767246EE}.Release|Any CPU.ActiveCfg = Release|Any CPU
		{2A03D7D9-C8EC-4384-A2AA-BAA7767246EE}.Release|Any CPU.Build.0 = Release|Any CPU
	EndGlobalSection
	GlobalSection(SolutionProperties) = preSolution
		HideSolutionNode = FALSE
	EndGlobalSection
	GlobalSection(ExtensibilityGlobals) = postSolution
		SolutionGuid = {22A902BF-20AD-40B3-AB8D-8BFF533CC395}
	EndGlobalSection
EndGlobal
